// !$*UTF8*$!
{
	archiveVersion = 1;
	classes = {
	};
	objectVersion = 46;
	objects = {

/* Begin PBXBuildFile section */
		67FEF9731DA7A031006F5518 /* AppDelegate.swift in Sources */ = {isa = PBXBuildFile; fileRef = 67FEF9721DA7A031006F5518 /* AppDelegate.swift */; };
		67FEF9751DA7A031006F5518 /* ViewController.swift in Sources */ = {isa = PBXBuildFile; fileRef = 67FEF9741DA7A031006F5518 /* ViewController.swift */; };
		67FEF9781DA7A031006F5518 /* Main.storyboard in Resources */ = {isa = PBXBuildFile; fileRef = 67FEF9761DA7A031006F5518 /* Main.storyboard */; };
		67FEF97A1DA7A031006F5518 /* Assets.xcassets in Resources */ = {isa = PBXBuildFile; fileRef = 67FEF9791DA7A031006F5518 /* Assets.xcassets */; };
		67FEF97D1DA7A031006F5518 /* LaunchScreen.storyboard in Resources */ = {isa = PBXBuildFile; fileRef = 67FEF97B1DA7A031006F5518 /* LaunchScreen.storyboard */; };
/* End PBXBuildFile section */

/* Begin PBXFileReference section */
		67FEF96F1DA7A031006F5518 /* ProdScroll.app */ = {isa = PBXFileReference; explicitFileType = wrapper.application; includeInIndex = 0; path = ProdScroll.app; sourceTree = BUILT_PRODUCTS_DIR; };
		67FEF9721DA7A031006F5518 /* AppDelegate.swift */ = {isa = PBXFileReference; lastKnownFileType = sourcecode.swift; path = AppDelegate.swift; sourceTree = "<group>"; };
		67FEF9741DA7A031006F5518 /* ViewController.swift */ = {isa = PBXFileReference; lastKnownFileType = sourcecode.swift; path = ViewController.swift; sourceTree = "<group>"; };
		67FEF9771DA7A031006F5518 /* Base */ = {isa = PBXFileReference; lastKnownFileType = file.storyboard; name = Base; path = Base.lproj/Main.storyboard; sourceTree = "<group>"; };
		67FEF9791DA7A031006F5518 /* Assets.xcassets */ = {isa = PBXFileReference; lastKnownFileType = folder.assetcatalog; path = Assets.xcassets; sourceTree = "<group>"; };
		67FEF97C1DA7A031006F5518 /* Base */ = {isa = PBXFileReference; lastKnownFileType = file.storyboard; name = Base; path = Base.lproj/LaunchScreen.storyboard; sourceTree = "<group>"; };
		67FEF97E1DA7A031006F5518 /* Info.plist */ = {isa = PBXFileReference; lastKnownFileType = text.plist.xml; path = Info.plist; sourceTree = "<group>"; };
/* End PBXFileReference section */

/* Begin PBXFrameworksBuildPhase section */
		67FEF96C1DA7A031006F5518 /* Frameworks */ = {
			isa = PBXFrameworksBuildPhase;
			buildActionMask = 2147483647;
			files = (
			);
			runOnlyForDeploymentPostprocessing = 0;
		};
/* End PBXFrameworksBuildPhase section */

/* Begin PBXGroup section */
		67FEF9661DA7A031006F5518 = {
			isa = PBXGroup;
			children = (
				67FEF9711DA7A031006F5518 /* ProdScroll */,
				67FEF9701DA7A031006F5518 /* Products */,
			);
			sourceTree = "<group>";
		};
		67FEF9701DA7A031006F5518 /* Products */ = {
			isa = PBXGroup;
			children = (
				67FEF96F1DA7A031006F5518 /* ProdScroll.app */,
			);
			name = Products;
			sourceTree = "<group>";
		};
		67FEF9711DA7A031006F5518 /* ProdScroll */ = {
			isa = PBXGroup;
			children = (
				67FEF9721DA7A031006F5518 /* AppDelegate.swift */,
				67FEF9741DA7A031006F5518 /* ViewController.swift */,
				67FEF9761DA7A031006F5518 /* Main.storyboard */,
				67FEF9791DA7A031006F5518 /* Assets.xcassets */,
				67FEF97B1DA7A031006F5518 /* LaunchScreen.storyboard */,
				67FEF97E1DA7A031006F5518 /* Info.plist */,
			);
			path = ProdScroll;
			sourceTree = "<group>";
		};
/* End PBXGroup section */

/* Begin PBXNativeTarget section */
		67FEF96E1DA7A031006F5518 /* ProdScroll */ = {
			isa = PBXNativeTarget;
			buildConfigurationList = 67FEF9811DA7A031006F5518 /* Build configuration list for PBXNativeTarget "ProdScroll" */;
			buildPhases = (
				67FEF96B1DA7A031006F5518 /* Sources */,
				67FEF96C1DA7A031006F5518 /* Frameworks */,
				67FEF96D1DA7A031006F5518 /* Resources */,
			);
			buildRules = (
			);
			dependencies = (
			);
			name = ProdScroll;
			productName = ProdScroll;
			productReference = 67FEF96F1DA7A031006F5518 /* ProdScroll.app */;
			productType = "com.apple.product-type.application";
		};
/* End PBXNativeTarget section */

/* Begin PBXProject section */
		67FEF9671DA7A031006F5518 /* Project object */ = {
			isa = PBXProject;
			attributes = {
				LastSwiftUpdateCheck = 0800;
				LastUpgradeCheck = 0800;
				ORGANIZATIONNAME = "Joy Umali";
				TargetAttributes = {
					67FEF96E1DA7A031006F5518 = {
						CreatedOnToolsVersion = 8.0;
						ProvisioningStyle = Automatic;
					};
				};
			};
			buildConfigurationList = 67FEF96A1DA7A031006F5518 /* Build configuration list for PBXProject "ProdScroll" */;
			compatibilityVersion = "Xcode 3.2";
			developmentRegion = English;
			hasScannedForEncodings = 0;
			knownRegions = (
				en,
				Base,
			);
			mainGroup = 67FEF9661DA7A031006F5518;
			productRefGroup = 67FEF9701DA7A031006F5518 /* Products */;
			projectDirPath = "";
			projectRoot = "";
			targets = (
				67FEF96E1DA7A031006F5518 /* ProdScroll */,
			);
		};
/* End PBXProject section */

/* Begin PBXResourcesBuildPhase section */
		67FEF96D1DA7A031006F5518 /* Resources */ = {
			isa = PBXResourcesBuildPhase;
			buildActionMask = 2147483647;
			files = (
				67FEF97D1DA7A031006F5518 /* LaunchScreen.storyboard in Resources */,
				67FEF97A1DA7A031006F5518 /* Assets.xcassets in Resources */,
				67FEF9781DA7A031006F5518 /* Main.storyboard in Resources */,
			);
			runOnlyForDeploymentPostprocessing = 0;
		};
/* End PBXResourcesBuildPhase section */

/* Begin PBXSourcesBuildPhase section */
		67FEF96B1DA7A031006F5518 /* Sources */ = {
			isa = PBXSourcesBuildPhase;
			buildActionMask = 2147483647;
			files = (
				67FEF9751DA7A031006F5518 /* ViewController.swift in Sources */,
				67FEF9731DA7A031006F5518 /* AppDelegate.swift in Sources */,
			);
			runOnlyForDeploymentPostprocessing = 0;
		};
/* End PBXSourcesBuildPhase section */

/* Begin PBXVariantGroup section */
		67FEF9761DA7A031006F5518 /* Main.storyboard */ = {
			isa = PBXVariantGroup;
			children = (
				67FEF9771DA7A031006F5518 /* Base */,
			);
			name = Main.storyboard;
			sourceTree = "<group>";
		};
		67FEF97B1DA7A031006F5518 /* LaunchScreen.storyboard */ = {
			isa = PBXVariantGroup;
			children = (
				67FEF97C1DA7A031006F5518 /* Base */,
			);
			name = LaunchScreen.storyboard;
			sourceTree = "<group>";
		};
/* End PBXVariantGroup section */

/* Begin XCBuildConfiguration section */
		67FEF97F1DA7A031006F5518 /* Debug */ = {
			isa = XCBuildConfiguration;
			buildSettings = {
				ALWAYS_SEARCH_USER_PATHS = NO;
				CLANG_ANALYZER_NONNULL = YES;
				CLANG_CXX_LANGUAGE_STANDARD = "gnu++0x";
				CLANG_CXX_LIBRARY = "libc++";
				CLANG_ENABLE_MODULES = YES;
				CLANG_ENABLE_OBJC_ARC = YES;
				CLANG_WARN_BOOL_CONVERSION = YES;
				CLANG_WARN_CONSTANT_CONVERSION = YES;
				CLANG_WARN_DIRECT_OBJC_ISA_USAGE = YES_ERROR;
				CLANG_WARN_DOCUMENTATION_COMMENTS = YES;
				CLANG_WARN_EMPTY_BODY = YES;
				CLANG_WARN_ENUM_CONVERSION = YES;
				CLANG_WARN_INFINITE_RECURSION = YES;
				CLANG_WARN_INT_CONVERSION = YES;
				CLANG_WARN_OBJC_ROOT_CLASS = YES_ERROR;
				CLANG_WARN_SUSPICIOUS_MOVES = YES;
				CLANG_WARN_UNREACHABLE_CODE = YES;
				CLANG_WARN__DUPLICATE_METHOD_MATCH = YES;
				"CODE_SIGN_IDENTITY[sdk=iphoneos*]" = "iPhone Developer";
				COPY_PHASE_STRIP = NO;
				DEBUG_INFORMATION_FORMAT = dwarf;
				ENABLE_STRICT_OBJC_MSGSEND = YES;
				ENABLE_TESTABILITY = YES;
				GCC_C_LANGUAGE_STANDARD = gnu99;
				GCC_DYNAMIC_NO_PIC = NO;
				GCC_NO_COMMON_BLOCKS = YES;
				GCC_OPTIMIZATION_LEVEL = 0;
				GCC_PREPROCESSOR_DEFINITIONS = (
					"DEBUG=1",
					"$(inherited)",
				);
				GCC_WARN_64_TO_32_BIT_CONVERSION = YES;
				GCC_WARN_ABOUT_RETURN_TYPE = YES_ERROR;
				GCC_WARN_UNDECLARED_SELECTOR = YES;
				GCC_WARN_UNINITIALIZED_AUTOS = YES_AGGRESSIVE;
				GCC_WARN_UNUSED_FUNCTION = YES;
				GCC_WARN_UNUSED_VARIABLE = YES;
				IPHONEOS_DEPLOYMENT_TARGET = 10.0;
				MTL_ENABLE_DEBUG_INFO = YES;
				ONLY_ACTIVE_ARCH = YES;
				SDKROOT = iphoneos;
				SWIFT_ACTIVE_COMPILATION_CONDITIONS = DEBUG;
				SWIFT_OPTIMIZATION_LEVEL = "-Onone";
			};
			name = Debug;
		};
		67FEF9801DA7A031006F5518 /* Release */ = {
			isa = XCBuildConfiguration;
			buildSettings = {
				ALWAYS_SEARCH_USER_PATHS = NO;
				CLANG_ANALYZER_NONNULL = YES;
				CLANG_CXX_LANGUAGE_STANDARD = "gnu++0x";
				CLANG_CXX_LIBRARY = "libc++";
				CLANG_ENABLE_MODULES = YES;
				CLANG_ENABLE_OBJC_ARC = YES;
				CLANG_WARN_BOOL_CONVERSION = YES;
				CLANG_WARN_CONSTANT_CONVERSION = YES;
				CLANG_WARN_DIRECT_OBJC_ISA_USAGE = YES_ERROR;
				CLANG_WARN_DOCUMENTATION_COMMENTS = YES;
				CLANG_WARN_EMPTY_BODY = YES;
				CLANG_WARN_ENUM_CONVERSION = YES;
				CLANG_WARN_INFINITE_RECURSION = YES;
				CLANG_WARN_INT_CONVERSION = YES;
				CLANG_WARN_OBJC_ROOT_CLASS = YES_ERROR;
				CLANG_WARN_SUSPICIOUS_MOVES = YES;
				CLANG_WARN_UNREACHABLE_CODE = YES;
				CLANG_WARN__DUPLICATE_METHOD_MATCH = YES;
				"CODE_SIGN_IDENTITY[sdk=iphoneos*]" = "iPhone Developer";
				COPY_PHASE_STRIP = NO;
				DEBUG_INFORMATION_FORMAT = "dwarf-with-dsym";
				ENABLE_NS_ASSERTIONS = NO;
				ENABLE_STRICT_OBJC_MSGSEND = YES;
				GCC_C_LANGUAGE_STANDARD = gnu99;
				GCC_NO_COMMON_BLOCKS = YES;
				GCC_WARN_64_TO_32_BIT_CONVERSION = YES;
				GCC_WARN_ABOUT_RETURN_TYPE = YES_ERROR;
				GCC_WARN_UNDECLARED_SELECTOR = YES;
				GCC_WARN_UNINITIALIZED_AUTOS = YES_AGGRESSIVE;
				GCC_WARN_UNUSED_FUNCTION = YES;
				GCC_WARN_UNUSED_VARIABLE = YES;
				IPHONEOS_DEPLOYMENT_TARGET = 10.0;
				MTL_ENABLE_DEBUG_INFO = NO;
				SDKROOT = iphoneos;
				SWIFT_OPTIMIZATION_LEVEL = "-Owholemodule";
				VALIDATE_PRODUCT = YES;
			};
			name = Release;
		};
		67FEF9821DA7A031006F5518 /* Debug */ = {
			isa = XCBuildConfiguration;
			buildSettings = {
				ASSETCATALOG_COMPILER_APPICON_NAME = AppIcon;
				INFOPLIST_FILE = ProdScroll/Info.plist;
				LD_RUNPATH_SEARCH_PATHS = "$(inherited) @executable_path/Frameworks";
				PRODUCT_BUNDLE_IDENTIFIER = com.joyumali.ProdScroll;
				PRODUCT_NAME = "$(TARGET_NAME)";
				SWIFT_VERSION = 3.0;
			};
			name = Debug;
		};
		67FEF9831DA7A031006F5518 /* Release */ = {
			isa = XCBuildConfiguration;
			buildSettings = {
				ASSETCATALOG_COMPILER_APPICON_NAME = AppIcon;
				INFOPLIST_FILE = ProdScroll/Info.plist;
				LD_RUNPATH_SEARCH_PATHS = "$(inherited) @executable_path/Frameworks";
				PRODUCT_BUNDLE_IDENTIFIER = com.joyumali.ProdScroll;
				PRODUCT_NAME = "$(TARGET_NAME)";
				SWIFT_VERSION = 3.0;
			};
			name = Release;
		};
/* End XCBuildConfiguration section */

/* Begin XCConfigurationList section */
		67FEF96A1DA7A031006F5518 /* Build configuration list for PBXProject "ProdScroll" */ = {
			isa = XCConfigurationList;
			buildConfigurations = (
				67FEF97F1DA7A031006F5518 /* Debug */,
				67FEF9801DA7A031006F5518 /* Release */,
			);
			defaultConfigurationIsVisible = 0;
			defaultConfigurationName = Release;
		};
		67FEF9811DA7A031006F5518 /* Build configuration list for PBXNativeTarget "ProdScroll" */ = {
			isa = XCConfigurationList;
			buildConfigurations = (
				67FEF9821DA7A031006F5518 /* Debug */,
				67FEF9831DA7A031006F5518 /* Release */,
			);
			defaultConfigurationIsVisible = 0;
		};
/* End XCConfigurationList section */
	};
	rootObject = 67FEF9671DA7A031006F5518 /* Project object */;
}
